{
  "name": "blinkt-examples",
  "version": "1.0.0",
  "lockfileVersion": 1,
  "requires": true,
  "dependencies": {
    "bindings": {
      "version": "1.2.1",
      "resolved": "https://registry.npmjs.org/bindings/-/bindings-1.2.1.tgz",
      "integrity": "sha1-FK1hE4EtLTfXLme0ystLtyZQXxE="
    },
    "blinkt-kit": {
      "version": "2.0.3",
      "resolved": "https://registry.npmjs.org/blinkt-kit/-/blinkt-kit-2.0.3.tgz",
      "integrity": "sha512-16B85dsgtKdAzmD6CBwn3skXbJqvrNYcHDu8oO6FUZ+kzdAtGLqbU8IndIvD6mdgrtGD8OfQq4PHEq1TwsPohg==",
      "requires": {
        "node-wiring-pi": "0.0.4"
      }
    },
    "blinkt-utils": {
      "version": "1.0.3",
      "resolved": "https://registry.npmjs.org/blinkt-utils/-/blinkt-utils-1.0.3.tgz",
      "integrity": "sha512-fICKa+O2BQFNeCvQxTeDcn3x7dtGeANX6d3YnOiXbXAyPgzqcV3BHkpYKQjTXMq9F7wEdI3IOjoS6deggp48vg=="
    },
    "nan": {
      "version": "2.12.1",
      "resolved": "https://registry.npmjs.org/nan/-/nan-2.12.1.tgz",
      "integrity": "sha512-JY7V6lRkStKcKTvHO5NVSQRv+RV+FIL5pvDoLiAtSL9pKlC5x9PKQcZDsq7m4FO4d57mkhC6Z+QhAh3Jdk5JFw=="
    },
    "node-wiring-pi": {
      "version": "0.0.4",
      "resolved": "https://registry.npmjs.org/node-wiring-pi/-/node-wiring-pi-0.0.4.tgz",
      "integrity": "sha512-sFvIcR0r/UzhOwXVhPnSylwRbGLuDgkz2UXXu05vgiZdZ4ikz7/qHOW38vFCoX1Gl+fYLDknoMhNj+dnSaRwKw==",
      "requires": {
        "bindings": "1.2.1",
        "nan": "^2.4.0"
      }
    }
  }
}
